#include<iostream>
using namespace std;
float speedWalk = 1.2;
int speedRide = 3;
float x = 0;
int main() {
	int n=0,timeWalk = 0, timeRide = 0;
	
		cin >> n;	
		for(int i=0;i<n;i++){
			cin >> x;
		timeWalk = x/1.2;
		timeRide = 50 + x / 3;
		if (timeWalk < timeRide) {
			cout << "Walk" << endl;
		}
		else if (timeWalk > timeRide) {
			cout << "Ride" << endl;
		}
		else {
			cout << "ALL" << endl;
		}
	}

	system("pause");
	return 0;
}
